
Microsoft Visual Studio Solution File, Format Version 12.00
# Visual Studio 15
VisualStudioVersion = 15.0.26124.0
MinimumVisualStudioVersion = 15.0.26124.0
Project("{2150E333-8FDC-42A3-9474-1A3956D46DE8}") = "src", "src", "{3AB4E9DC-541A-45BC-AE6A-9836315ED4E6}"
EndProject
Project("{FAE04EC0-301F-11D3-BF4B-00C04F79EFBC}") = "CommandAPI", "src\CommandAPI\CommandAPI.csproj", "{257CE262-538A-4F29-A038-B09E815AB08C}"
EndProject
Project("{2150E333-8FDC-42A3-9474-1A3956D46DE8}") = "test", "test", "{040D665B-3E40-4BE5-9528-0C307EB5FCC4}"
EndProject
Project("{FAE04EC0-301F-11D3-BF4B-00C04F79EFBC}") = "CommandAPI.Tests", "test\CommandAPI.Tests\CommandAPI.Tests.csproj", "{F8D716D8-D3FA-44F0-B263-D1371390835E}"
EndProject
Global
	GlobalSection(SolutionConfigurationPlatforms) = preSolution
		Debug|Any CPU = Debug|Any CPU
		Debug|x64 = Debug|x64
		Debug|x86 = Debug|x86
		Release|Any CPU = Release|Any CPU
		Release|x64 = Release|x64
		Release|x86 = Release|x86
	EndGlobalSection
	GlobalSection(SolutionProperties) = preSolution
		HideSolutionNode = FALSE
	EndGlobalSection
	GlobalSection(ProjectConfigurationPlatforms) = postSolution
		{257CE262-538A-4F29-A038-B09E815AB08C}.Debug|Any CPU.ActiveCfg = Debug|Any CPU
		{257CE262-538A-4F29-A038-B09E815AB08C}.Debug|Any CPU.Build.0 = Debug|Any CPU
		{257CE262-538A-4F29-A038-B09E815AB08C}.Debug|x64.ActiveCfg = Debug|Any CPU
		{257CE262-538A-4F29-A038-B09E815AB08C}.Debug|x64.Build.0 = Debug|Any CPU
		{257CE262-538A-4F29-A038-B09E815AB08C}.Debug|x86.ActiveCfg = Debug|Any CPU
		{257CE262-538A-4F29-A038-B09E815AB08C}.Debug|x86.Build.0 = Debug|Any CPU
		{257CE262-538A-4F29-A038-B09E815AB08C}.Release|Any CPU.ActiveCfg = Release|Any CPU
		{257CE262-538A-4F29-A038-B09E815AB08C}.Release|Any CPU.Build.0 = Release|Any CPU
		{257CE262-538A-4F29-A038-B09E815AB08C}.Release|x64.ActiveCfg = Release|Any CPU
		{257CE262-538A-4F29-A038-B09E815AB08C}.Release|x64.Build.0 = Release|Any CPU
		{257CE262-538A-4F29-A038-B09E815AB08C}.Release|x86.ActiveCfg = Release|Any CPU
		{257CE262-538A-4F29-A038-B09E815AB08C}.Release|x86.Build.0 = Release|Any CPU
		{F8D716D8-D3FA-44F0-B263-D1371390835E}.Debug|Any CPU.ActiveCfg = Debug|Any CPU
		{F8D716D8-D3FA-44F0-B263-D1371390835E}.Debug|Any CPU.Build.0 = Debug|Any CPU
		{F8D716D8-D3FA-44F0-B263-D1371390835E}.Debug|x64.ActiveCfg = Debug|Any CPU
		{F8D716D8-D3FA-44F0-B263-D1371390835E}.Debug|x64.Build.0 = Debug|Any CPU
		{F8D716D8-D3FA-44F0-B263-D1371390835E}.Debug|x86.ActiveCfg = Debug|Any CPU
		{F8D716D8-D3FA-44F0-B263-D1371390835E}.Debug|x86.Build.0 = Debug|Any CPU
		{F8D716D8-D3FA-44F0-B263-D1371390835E}.Release|Any CPU.ActiveCfg = Release|Any CPU
		{F8D716D8-D3FA-44F0-B263-D1371390835E}.Release|Any CPU.Build.0 = Release|Any CPU
		{F8D716D8-D3FA-44F0-B263-D1371390835E}.Release|x64.ActiveCfg = Release|Any CPU
		{F8D716D8-D3FA-44F0-B263-D1371390835E}.Release|x64.Build.0 = Release|Any CPU
		{F8D716D8-D3FA-44F0-B263-D1371390835E}.Release|x86.ActiveCfg = Release|Any CPU
		{F8D716D8-D3FA-44F0-B263-D1371390835E}.Release|x86.Build.0 = Release|Any CPU
	EndGlobalSection
	GlobalSection(NestedProjects) = preSolution
		{257CE262-538A-4F29-A038-B09E815AB08C} = {3AB4E9DC-541A-45BC-AE6A-9836315ED4E6}
		{F8D716D8-D3FA-44F0-B263-D1371390835E} = {040D665B-3E40-4BE5-9528-0C307EB5FCC4}
	EndGlobalSection
EndGlobal
